
Microsoft Visual Studio Solution File, Format Version 12.00
# Visual Studio Version 16
VisualStudioVersion = 16.0.30114.105
MinimumVisualStudioVersion = 10.0.40219.1
Project("{FAE04EC0-301F-11D3-BF4B-00C04F79EFBC}") = "webShop.Ui", "webShop.Ui\webShop.Ui.csproj", "{F34E1F09-6442-46C4-A453-A5A8F6B138A0}"
EndProject
Project("{FAE04EC0-301F-11D3-BF4B-00C04F79EFBC}") = "webShop.Model", "webShop.Model\webShop.Model.csproj", "{08BEFDDF-58BA-4E96-BA1B-C17A183A4A04}"
EndProject
Project("{FAE04EC0-301F-11D3-BF4B-00C04F79EFBC}") = "webShop.Repository", "webShop.Repository\webShop.Repository.csproj", "{1F915999-F33D-48FB-845E-93BD61B1AEA9}"
EndProject
Project("{FAE04EC0-301F-11D3-BF4B-00C04F79EFBC}") = "webShop.Services", "webShop.Services\webShop.Services.csproj", "{A9C645F7-662C-4583-90D0-2E221367C764}"
EndProject
Project("{FAE04EC0-301F-11D3-BF4B-00C04F79EFBC}") = "webShop.Abstractions", "webShop.Abstractions\webShop.Abstractions.csproj", "{277CB0F7-5159-401B-BAC6-955BA4C7649F}"
EndProject
Global
	GlobalSection(SolutionConfigurationPlatforms) = preSolution
		Debug|Any CPU = Debug|Any CPU
		Release|Any CPU = Release|Any CPU
	EndGlobalSection
	GlobalSection(SolutionProperties) = preSolution
		HideSolutionNode = FALSE
	EndGlobalSection
	GlobalSection(ProjectConfigurationPlatforms) = postSolution
		{F34E1F09-6442-46C4-A453-A5A8F6B138A0}.Debug|Any CPU.ActiveCfg = Debug|Any CPU
		{F34E1F09-6442-46C4-A453-A5A8F6B138A0}.Debug|Any CPU.Build.0 = Debug|Any CPU
		{F34E1F09-6442-46C4-A453-A5A8F6B138A0}.Release|Any CPU.ActiveCfg = Release|Any CPU
		{F34E1F09-6442-46C4-A453-A5A8F6B138A0}.Release|Any CPU.Build.0 = Release|Any CPU
		{08BEFDDF-58BA-4E96-BA1B-C17A183A4A04}.Debug|Any CPU.ActiveCfg = Debug|Any CPU
		{08BEFDDF-58BA-4E96-BA1B-C17A183A4A04}.Debug|Any CPU.Build.0 = Debug|Any CPU
		{08BEFDDF-58BA-4E96-BA1B-C17A183A4A04}.Release|Any CPU.ActiveCfg = Release|Any CPU
		{08BEFDDF-58BA-4E96-BA1B-C17A183A4A04}.Release|Any CPU.Build.0 = Release|Any CPU
		{1F915999-F33D-48FB-845E-93BD61B1AEA9}.Debug|Any CPU.ActiveCfg = Debug|Any CPU
		{1F915999-F33D-48FB-845E-93BD61B1AEA9}.Debug|Any CPU.Build.0 = Debug|Any CPU
		{1F915999-F33D-48FB-845E-93BD61B1AEA9}.Release|Any CPU.ActiveCfg = Release|Any CPU
		{1F915999-F33D-48FB-845E-93BD61B1AEA9}.Release|Any CPU.Build.0 = Release|Any CPU
		{A9C645F7-662C-4583-90D0-2E221367C764}.Debug|Any CPU.ActiveCfg = Debug|Any CPU
		{A9C645F7-662C-4583-90D0-2E221367C764}.Debug|Any CPU.Build.0 = Debug|Any CPU
		{A9C645F7-662C-4583-90D0-2E221367C764}.Release|Any CPU.ActiveCfg = Release|Any CPU
		{A9C645F7-662C-4583-90D0-2E221367C764}.Release|Any CPU.Build.0 = Release|Any CPU
		{277CB0F7-5159-401B-BAC6-955BA4C7649F}.Debug|Any CPU.ActiveCfg = Debug|Any CPU
		{277CB0F7-5159-401B-BAC6-955BA4C7649F}.Debug|Any CPU.Build.0 = Debug|Any CPU
		{277CB0F7-5159-401B-BAC6-955BA4C7649F}.Release|Any CPU.ActiveCfg = Release|Any CPU
		{277CB0F7-5159-401B-BAC6-955BA4C7649F}.Release|Any CPU.Build.0 = Release|Any CPU
	EndGlobalSection
EndGlobal
